// !$*UTF8*$!
{
	archiveVersion = 1;
	classes = {
	};
	objectVersion = 46;
	objects = {

/* Begin PBXBuildFile section */
		114F4E5514D6DF34004FDAF3 /* Foundation.framework in Frameworks */ = {isa = PBXBuildFile; fileRef = 114F4E5414D6DF34004FDAF3 /* Foundation.framework */; };
		114F4E7914D6DF61004FDAF3 /* SDControl.m in Sources */ = {isa = PBXBuildFile; fileRef = 114F4E6814D6DF61004FDAF3 /* SDControl.m */; };
		114F4E7B14D6DF61004FDAF3 /* SDEvent.m in Sources */ = {isa = PBXBuildFile; fileRef = 114F4E6A14D6DF61004FDAF3 /* SDEvent.m */; };
		114F4E7D14D6DF61004FDAF3 /* SDHelper.m in Sources */ = {isa = PBXBuildFile; fileRef = 114F4E6C14D6DF61004FDAF3 /* SDHelper.m */; };
		114F4E7F14D6DF61004FDAF3 /* SDImageView.m in Sources */ = {isa = PBXBuildFile; fileRef = 114F4E6E14D6DF61004FDAF3 /* SDImageView.m */; };
		114F4E8214D6DF61004FDAF3 /* SDLabel.m in Sources */ = {isa = PBXBuildFile; fileRef = 114F4E7114D6DF61004FDAF3 /* SDLabel.m */; };
		114F4E8414D6DF61004FDAF3 /* SDPlaceholder.m in Sources */ = {isa = PBXBuildFile; fileRef = 114F4E7314D6DF61004FDAF3 /* SDPlaceholder.m */; };
		114F4E8614D6DF61004FDAF3 /* SDSentence.m in Sources */ = {isa = PBXBuildFile; fileRef = 114F4E7514D6DF61004FDAF3 /* SDSentence.m */; };
		114F4E8814D6DF61004FDAF3 /* SDTableViewCell.m in Sources */ = {isa = PBXBuildFile; fileRef = 114F4E7714D6DF61004FDAF3 /* SDTableViewCell.m */; };
		114F4E8A14D6DFC7004FDAF3 /* CoreGraphics.framework in Frameworks */ = {isa = PBXBuildFile; fileRef = 114F4E8914D6DFC7004FDAF3 /* CoreGraphics.framework */; };
		114F4E8E14D6E46C004FDAF3 /* SDKit.h in Headers */ = {isa = PBXBuildFile; fileRef = 114F4E6F14D6DF61004FDAF3 /* SDKit.h */; settings = {ATTRIBUTES = (Public, ); }; };
		114F4E9014D6E496004FDAF3 /* SDControl.h in Headers */ = {isa = PBXBuildFile; fileRef = 114F4E6714D6DF61004FDAF3 /* SDControl.h */; settings = {ATTRIBUTES = (Public, ); }; };
		114F4E9114D6E496004FDAF3 /* SDEvent.h in Headers */ = {isa = PBXBuildFile; fileRef = 114F4E6914D6DF61004FDAF3 /* SDEvent.h */; settings = {ATTRIBUTES = (Public, ); }; };
		114F4E9214D6E496004FDAF3 /* SDImageView.h in Headers */ = {isa = PBXBuildFile; fileRef = 114F4E6D14D6DF61004FDAF3 /* SDImageView.h */; settings = {ATTRIBUTES = (Public, ); }; };
		114F4E9314D6E496004FDAF3 /* SDLabel.h in Headers */ = {isa = PBXBuildFile; fileRef = 114F4E7014D6DF61004FDAF3 /* SDLabel.h */; settings = {ATTRIBUTES = (Public, ); }; };
		114F4E9414D6E496004FDAF3 /* SDPlaceholder.h in Headers */ = {isa = PBXBuildFile; fileRef = 114F4E7214D6DF61004FDAF3 /* SDPlaceholder.h */; settings = {ATTRIBUTES = (Public, ); }; };
		114F4E9514D6E496004FDAF3 /* SDSentence.h in Headers */ = {isa = PBXBuildFile; fileRef = 114F4E7414D6DF61004FDAF3 /* SDSentence.h */; settings = {ATTRIBUTES = (Public, ); }; };
		114F4E9614D6E496004FDAF3 /* SDTableViewCell.h in Headers */ = {isa = PBXBuildFile; fileRef = 114F4E7614D6DF61004FDAF3 /* SDTableViewCell.h */; settings = {ATTRIBUTES = (Public, ); }; };
		1156E59E14DAF673006B1A8E /* BBAttribute.h in Headers */ = {isa = PBXBuildFile; fileRef = 1156E59514DAF673006B1A8E /* BBAttribute.h */; settings = {ATTRIBUTES = (Public, ); }; };
		1156E59F14DAF673006B1A8E /* BBAttribute.m in Sources */ = {isa = PBXBuildFile; fileRef = 1156E59614DAF673006B1A8E /* BBAttribute.m */; };
		1156E5A014DAF673006B1A8E /* BBCodeParser.h in Headers */ = {isa = PBXBuildFile; fileRef = 1156E59714DAF673006B1A8E /* BBCodeParser.h */; settings = {ATTRIBUTES = (Public, ); }; };
		1156E5A114DAF673006B1A8E /* BBCodeParser.m in Sources */ = {isa = PBXBuildFile; fileRef = 1156E59814DAF673006B1A8E /* BBCodeParser.m */; };
		1156E5A214DAF673006B1A8E /* BBCodeParserDelegate.h in Headers */ = {isa = PBXBuildFile; fileRef = 1156E59914DAF673006B1A8E /* BBCodeParserDelegate.h */; settings = {ATTRIBUTES = (Public, ); }; };
		1156E5A314DAF673006B1A8E /* BBElement.h in Headers */ = {isa = PBXBuildFile; fileRef = 1156E59A14DAF673006B1A8E /* BBElement.h */; settings = {ATTRIBUTES = (Public, ); }; };
		1156E5A414DAF673006B1A8E /* BBElement.m in Sources */ = {isa = PBXBuildFile; fileRef = 1156E59B14DAF673006B1A8E /* BBElement.m */; };
		1156E5A514DAF673006B1A8E /* BBParsingElement.h in Headers */ = {isa = PBXBuildFile; fileRef = 1156E59C14DAF673006B1A8E /* BBParsingElement.h */; settings = {ATTRIBUTES = (Public, ); }; };
		1156E5A614DAF673006B1A8E /* BBParsingElement.m in Sources */ = {isa = PBXBuildFile; fileRef = 1156E59D14DAF673006B1A8E /* BBParsingElement.m */; };
		1172205E14DBFF83008F5B42 /* SDSentenceLayout.h in Headers */ = {isa = PBXBuildFile; fileRef = 1172205C14DBFF83008F5B42 /* SDSentenceLayout.h */; settings = {ATTRIBUTES = (Public, ); }; };
		1172205F14DBFF83008F5B42 /* SDSentenceLayout.m in Sources */ = {isa = PBXBuildFile; fileRef = 1172205D14DBFF83008F5B42 /* SDSentenceLayout.m */; };
		1175796814DB0B4400ED4BA0 /* SDSentenceBuilder.h in Headers */ = {isa = PBXBuildFile; fileRef = 1175796614DB0B4400ED4BA0 /* SDSentenceBuilder.h */; settings = {ATTRIBUTES = (Public, ); }; };
		1175796914DB0B4400ED4BA0 /* SDSentenceBuilder.m in Sources */ = {isa = PBXBuildFile; fileRef = 1175796714DB0B4400ED4BA0 /* SDSentenceBuilder.m */; };
		1181E58214DDE7E6001FF7DE /* SDButton.h in Headers */ = {isa = PBXBuildFile; fileRef = 1181E58014DDE7E6001FF7DE /* SDButton.h */; settings = {ATTRIBUTES = (Public, ); }; };
		1181E58314DDE7E6001FF7DE /* SDButton.m in Sources */ = {isa = PBXBuildFile; fileRef = 1181E58114DDE7E6001FF7DE /* SDButton.m */; };
		1194D6CE14E9696A00CF32B7 /* SDView.h in Headers */ = {isa = PBXBuildFile; fileRef = 1194D6CC14E9696A00CF32B7 /* SDView.h */; };
		1194D6CF14E9696A00CF32B7 /* SDView.m in Sources */ = {isa = PBXBuildFile; fileRef = 1194D6CD14E9696A00CF32B7 /* SDView.m */; };
		11DA253514D8754D0010A607 /* SDKit-Prefix.pch in Headers */ = {isa = PBXBuildFile; fileRef = 11DA253414D8754D0010A607 /* SDKit-Prefix.pch */; };
/* End PBXBuildFile section */

/* Begin PBXFileReference section */
		114F4E5114D6DF34004FDAF3 /* libSDKit.a */ = {isa = PBXFileReference; explicitFileType = archive.ar; includeInIndex = 0; path = libSDKit.a; sourceTree = BUILT_PRODUCTS_DIR; };
		114F4E5414D6DF34004FDAF3 /* Foundation.framework */ = {isa = PBXFileReference; lastKnownFileType = wrapper.framework; name = Foundation.framework; path = System/Library/Frameworks/Foundation.framework; sourceTree = SDKROOT; };
		114F4E6714D6DF61004FDAF3 /* SDControl.h */ = {isa = PBXFileReference; fileEncoding = 4; lastKnownFileType = sourcecode.c.h; path = SDControl.h; sourceTree = "<group>"; };
		114F4E6814D6DF61004FDAF3 /* SDControl.m */ = {isa = PBXFileReference; fileEncoding = 4; lastKnownFileType = sourcecode.c.objc; path = SDControl.m; sourceTree = "<group>"; };
		114F4E6914D6DF61004FDAF3 /* SDEvent.h */ = {isa = PBXFileReference; fileEncoding = 4; lastKnownFileType = sourcecode.c.h; path = SDEvent.h; sourceTree = "<group>"; };
		114F4E6A14D6DF61004FDAF3 /* SDEvent.m */ = {isa = PBXFileReference; fileEncoding = 4; lastKnownFileType = sourcecode.c.objc; path = SDEvent.m; sourceTree = "<group>"; };
		114F4E6B14D6DF61004FDAF3 /* SDHelper.h */ = {isa = PBXFileReference; fileEncoding = 4; lastKnownFileType = sourcecode.c.h; path = SDHelper.h; sourceTree = "<group>"; };
		114F4E6C14D6DF61004FDAF3 /* SDHelper.m */ = {isa = PBXFileReference; fileEncoding = 4; lastKnownFileType = sourcecode.c.objc; path = SDHelper.m; sourceTree = "<group>"; };
		114F4E6D14D6DF61004FDAF3 /* SDImageView.h */ = {isa = PBXFileReference; fileEncoding = 4; lastKnownFileType = sourcecode.c.h; path = SDImageView.h; sourceTree = "<group>"; };
		114F4E6E14D6DF61004FDAF3 /* SDImageView.m */ = {isa = PBXFileReference; fileEncoding = 4; lastKnownFileType = sourcecode.c.objc; path = SDImageView.m; sourceTree = "<group>"; };
		114F4E6F14D6DF61004FDAF3 /* SDKit.h */ = {isa = PBXFileReference; fileEncoding = 4; lastKnownFileType = sourcecode.c.h; path = SDKit.h; sourceTree = "<group>"; };
		114F4E7014D6DF61004FDAF3 /* SDLabel.h */ = {isa = PBXFileReference; fileEncoding = 4; lastKnownFileType = sourcecode.c.h; path = SDLabel.h; sourceTree = "<group>"; };
		114F4E7114D6DF61004FDAF3 /* SDLabel.m */ = {isa = PBXFileReference; fileEncoding = 4; lastKnownFileType = sourcecode.c.objc; path = SDLabel.m; sourceTree = "<group>"; };
		114F4E7214D6DF61004FDAF3 /* SDPlaceholder.h */ = {isa = PBXFileReference; fileEncoding = 4; lastKnownFileType = sourcecode.c.h; path = SDPlaceholder.h; sourceTree = "<group>"; };
		114F4E7314D6DF61004FDAF3 /* SDPlaceholder.m */ = {isa = PBXFileReference; fileEncoding = 4; lastKnownFileType = sourcecode.c.objc; path = SDPlaceholder.m; sourceTree = "<group>"; };
		114F4E7414D6DF61004FDAF3 /* SDSentence.h */ = {isa = PBXFileReference; fileEncoding = 4; lastKnownFileType = sourcecode.c.h; path = SDSentence.h; sourceTree = "<group>"; };
		114F4E7514D6DF61004FDAF3 /* SDSentence.m */ = {isa = PBXFileReference; fileEncoding = 4; lastKnownFileType = sourcecode.c.objc; path = SDSentence.m; sourceTree = "<group>"; };
		114F4E7614D6DF61004FDAF3 /* SDTableViewCell.h */ = {isa = PBXFileReference; fileEncoding = 4; lastKnownFileType = sourcecode.c.h; path = SDTableViewCell.h; sourceTree = "<group>"; };
		114F4E7714D6DF61004FDAF3 /* SDTableViewCell.m */ = {isa = PBXFileReference; fileEncoding = 4; lastKnownFileType = sourcecode.c.objc; path = SDTableViewCell.m; sourceTree = "<group>"; };
		114F4E8914D6DFC7004FDAF3 /* CoreGraphics.framework */ = {isa = PBXFileReference; lastKnownFileType = wrapper.framework; name = CoreGraphics.framework; path = System/Library/Frameworks/CoreGraphics.framework; sourceTree = SDKROOT; };
		1156E59514DAF673006B1A8E /* BBAttribute.h */ = {isa = PBXFileReference; fileEncoding = 4; lastKnownFileType = sourcecode.c.h; path = BBAttribute.h; sourceTree = "<group>"; };
		1156E59614DAF673006B1A8E /* BBAttribute.m */ = {isa = PBXFileReference; fileEncoding = 4; lastKnownFileType = sourcecode.c.objc; path = BBAttribute.m; sourceTree = "<group>"; };
		1156E59714DAF673006B1A8E /* BBCodeParser.h */ = {isa = PBXFileReference; fileEncoding = 4; lastKnownFileType = sourcecode.c.h; path = BBCodeParser.h; sourceTree = "<group>"; };
		1156E59814DAF673006B1A8E /* BBCodeParser.m */ = {isa = PBXFileReference; fileEncoding = 4; lastKnownFileType = sourcecode.c.objc; path = BBCodeParser.m; sourceTree = "<group>"; };
		1156E59914DAF673006B1A8E /* BBCodeParserDelegate.h */ = {isa = PBXFileReference; fileEncoding = 4; lastKnownFileType = sourcecode.c.h; path = BBCodeParserDelegate.h; sourceTree = "<group>"; };
		1156E59A14DAF673006B1A8E /* BBElement.h */ = {isa = PBXFileReference; fileEncoding = 4; lastKnownFileType = sourcecode.c.h; path = BBElement.h; sourceTree = "<group>"; };
		1156E59B14DAF673006B1A8E /* BBElement.m */ = {isa = PBXFileReference; fileEncoding = 4; lastKnownFileType = sourcecode.c.objc; path = BBElement.m; sourceTree = "<group>"; };
		1156E59C14DAF673006B1A8E /* BBParsingElement.h */ = {isa = PBXFileReference; fileEncoding = 4; lastKnownFileType = sourcecode.c.h; path = BBParsingElement.h; sourceTree = "<group>"; };
		1156E59D14DAF673006B1A8E /* BBParsingElement.m */ = {isa = PBXFileReference; fileEncoding = 4; lastKnownFileType = sourcecode.c.objc; path = BBParsingElement.m; sourceTree = "<group>"; };
		1172205C14DBFF83008F5B42 /* SDSentenceLayout.h */ = {isa = PBXFileReference; fileEncoding = 4; lastKnownFileType = sourcecode.c.h; path = SDSentenceLayout.h; sourceTree = "<group>"; };
		1172205D14DBFF83008F5B42 /* SDSentenceLayout.m */ = {isa = PBXFileReference; fileEncoding = 4; lastKnownFileType = sourcecode.c.objc; path = SDSentenceLayout.m; sourceTree = "<group>"; };
		1175796614DB0B4400ED4BA0 /* SDSentenceBuilder.h */ = {isa = PBXFileReference; fileEncoding = 4; lastKnownFileType = sourcecode.c.h; path = SDSentenceBuilder.h; sourceTree = "<group>"; };
		1175796714DB0B4400ED4BA0 /* SDSentenceBuilder.m */ = {isa = PBXFileReference; fileEncoding = 4; lastKnownFileType = sourcecode.c.objc; path = SDSentenceBuilder.m; sourceTree = "<group>"; };
		1181E58014DDE7E6001FF7DE /* SDButton.h */ = {isa = PBXFileReference; fileEncoding = 4; lastKnownFileType = sourcecode.c.h; path = SDButton.h; sourceTree = "<group>"; };
		1181E58114DDE7E6001FF7DE /* SDButton.m */ = {isa = PBXFileReference; fileEncoding = 4; lastKnownFileType = sourcecode.c.objc; path = SDButton.m; sourceTree = "<group>"; };
		1194D6CC14E9696A00CF32B7 /* SDView.h */ = {isa = PBXFileReference; fileEncoding = 4; lastKnownFileType = sourcecode.c.h; path = SDView.h; sourceTree = "<group>"; };
		1194D6CD14E9696A00CF32B7 /* SDView.m */ = {isa = PBXFileReference; fileEncoding = 4; lastKnownFileType = sourcecode.c.objc; path = SDView.m; sourceTree = "<group>"; };
		11DA253414D8754D0010A607 /* SDKit-Prefix.pch */ = {isa = PBXFileReference; fileEncoding = 4; lastKnownFileType = sourcecode.c.h; path = "SDKit-Prefix.pch"; sourceTree = "<group>"; };
/* End PBXFileReference section */

/* Begin PBXFrameworksBuildPhase section */
		114F4E4E14D6DF34004FDAF3 /* Frameworks */ = {
			isa = PBXFrameworksBuildPhase;
			buildActionMask = 2147483647;
			files = (
				114F4E8A14D6DFC7004FDAF3 /* CoreGraphics.framework in Frameworks */,
				114F4E5514D6DF34004FDAF3 /* Foundation.framework in Frameworks */,
			);
			runOnlyForDeploymentPostprocessing = 0;
		};
/* End PBXFrameworksBuildPhase section */

/* Begin PBXGroup section */
		114F4E4614D6DF34004FDAF3 = {
			isa = PBXGroup;
			children = (
				114F4E5614D6DF34004FDAF3 /* SDKit */,
				114F4E5314D6DF34004FDAF3 /* Frameworks */,
				114F4E5214D6DF34004FDAF3 /* Products */,
			);
			sourceTree = "<group>";
		};
		114F4E5214D6DF34004FDAF3 /* Products */ = {
			isa = PBXGroup;
			children = (
				114F4E5114D6DF34004FDAF3 /* libSDKit.a */,
			);
			name = Products;
			sourceTree = "<group>";
		};
		114F4E5314D6DF34004FDAF3 /* Frameworks */ = {
			isa = PBXGroup;
			children = (
				114F4E8914D6DFC7004FDAF3 /* CoreGraphics.framework */,
				114F4E5414D6DF34004FDAF3 /* Foundation.framework */,
			);
			name = Frameworks;
			sourceTree = "<group>";
		};
		114F4E5614D6DF34004FDAF3 /* SDKit */ = {
			isa = PBXGroup;
			children = (
				1156E59414DAF673006B1A8E /* BBCodeParser */,
				114F4E6714D6DF61004FDAF3 /* SDControl.h */,
				114F4E6814D6DF61004FDAF3 /* SDControl.m */,
				114F4E6914D6DF61004FDAF3 /* SDEvent.h */,
				114F4E6A14D6DF61004FDAF3 /* SDEvent.m */,
				114F4E6B14D6DF61004FDAF3 /* SDHelper.h */,
				114F4E6C14D6DF61004FDAF3 /* SDHelper.m */,
				114F4E6D14D6DF61004FDAF3 /* SDImageView.h */,
				114F4E6E14D6DF61004FDAF3 /* SDImageView.m */,
				114F4E6F14D6DF61004FDAF3 /* SDKit.h */,
				114F4E7014D6DF61004FDAF3 /* SDLabel.h */,
				114F4E7114D6DF61004FDAF3 /* SDLabel.m */,
				114F4E7214D6DF61004FDAF3 /* SDPlaceholder.h */,
				114F4E7314D6DF61004FDAF3 /* SDPlaceholder.m */,
				114F4E7414D6DF61004FDAF3 /* SDSentence.h */,
				114F4E7514D6DF61004FDAF3 /* SDSentence.m */,
				1175796614DB0B4400ED4BA0 /* SDSentenceBuilder.h */,
				1175796714DB0B4400ED4BA0 /* SDSentenceBuilder.m */,
				1172205C14DBFF83008F5B42 /* SDSentenceLayout.h */,
				1172205D14DBFF83008F5B42 /* SDSentenceLayout.m */,
				114F4E7614D6DF61004FDAF3 /* SDTableViewCell.h */,
				114F4E7714D6DF61004FDAF3 /* SDTableViewCell.m */,
				1194D6CC14E9696A00CF32B7 /* SDView.h */,
				1194D6CD14E9696A00CF32B7 /* SDView.m */,
				1181E58014DDE7E6001FF7DE /* SDButton.h */,
				1181E58114DDE7E6001FF7DE /* SDButton.m */,
				11DA253314D8754D0010A607 /* Supporting Files */,
			);
			path = SDKit;
			sourceTree = "<group>";
		};
		1156E59414DAF673006B1A8E /* BBCodeParser */ = {
			isa = PBXGroup;
			children = (
				1156E59514DAF673006B1A8E /* BBAttribute.h */,
				1156E59614DAF673006B1A8E /* BBAttribute.m */,
				1156E59714DAF673006B1A8E /* BBCodeParser.h */,
				1156E59814DAF673006B1A8E /* BBCodeParser.m */,
				1156E59914DAF673006B1A8E /* BBCodeParserDelegate.h */,
				1156E59A14DAF673006B1A8E /* BBElement.h */,
				1156E59B14DAF673006B1A8E /* BBElement.m */,
				1156E59C14DAF673006B1A8E /* BBParsingElement.h */,
				1156E59D14DAF673006B1A8E /* BBParsingElement.m */,
			);
			path = BBCodeParser;
			sourceTree = "<group>";
		};
		11DA253314D8754D0010A607 /* Supporting Files */ = {
			isa = PBXGroup;
			children = (
				11DA253414D8754D0010A607 /* SDKit-Prefix.pch */,
			);
			path = "Supporting Files";
			sourceTree = "<group>";
		};
/* End PBXGroup section */

/* Begin PBXHeadersBuildPhase section */
		114F4E4F14D6DF34004FDAF3 /* Headers */ = {
			isa = PBXHeadersBuildPhase;
			buildActionMask = 2147483647;
			files = (
				114F4E8E14D6E46C004FDAF3 /* SDKit.h in Headers */,
				114F4E9014D6E496004FDAF3 /* SDControl.h in Headers */,
				114F4E9114D6E496004FDAF3 /* SDEvent.h in Headers */,
				114F4E9214D6E496004FDAF3 /* SDImageView.h in Headers */,
				114F4E9314D6E496004FDAF3 /* SDLabel.h in Headers */,
				114F4E9414D6E496004FDAF3 /* SDPlaceholder.h in Headers */,
				1156E59E14DAF673006B1A8E /* BBAttribute.h in Headers */,
				1156E5A014DAF673006B1A8E /* BBCodeParser.h in Headers */,
				1156E5A214DAF673006B1A8E /* BBCodeParserDelegate.h in Headers */,
				1156E5A314DAF673006B1A8E /* BBElement.h in Headers */,
				1172205E14DBFF83008F5B42 /* SDSentenceLayout.h in Headers */,
				1175796814DB0B4400ED4BA0 /* SDSentenceBuilder.h in Headers */,
				1181E58214DDE7E6001FF7DE /* SDButton.h in Headers */,
				1156E5A514DAF673006B1A8E /* BBParsingElement.h in Headers */,
				114F4E9514D6E496004FDAF3 /* SDSentence.h in Headers */,
				114F4E9614D6E496004FDAF3 /* SDTableViewCell.h in Headers */,
				11DA253514D8754D0010A607 /* SDKit-Prefix.pch in Headers */,
				1194D6CE14E9696A00CF32B7 /* SDView.h in Headers */,
			);
			runOnlyForDeploymentPostprocessing = 0;
		};
/* End PBXHeadersBuildPhase section */

/* Begin PBXNativeTarget section */
		114F4E5014D6DF34004FDAF3 /* SDKit */ = {
			isa = PBXNativeTarget;
			buildConfigurationList = 114F4E5E14D6DF34004FDAF3 /* Build configuration list for PBXNativeTarget "SDKit" */;
			buildPhases = (
				114F4E4D14D6DF34004FDAF3 /* Sources */,
				114F4E4E14D6DF34004FDAF3 /* Frameworks */,
				114F4E4F14D6DF34004FDAF3 /* Headers */,
			);
			buildRules = (
			);
			dependencies = (
			);
			name = SDKit;
			productName = SDKit;
			productReference = 114F4E5114D6DF34004FDAF3 /* libSDKit.a */;
			productType = "com.apple.product-type.library.static";
		};
/* End PBXNativeTarget section */

/* Begin PBXProject section */
		114F4E4814D6DF34004FDAF3 /* Project object */ = {
			isa = PBXProject;
			attributes = {
				LastUpgradeCheck = 0420;
				ORGANIZATIONNAME = "Marg, d.o.o.";
			};
			buildConfigurationList = 114F4E4B14D6DF34004FDAF3 /* Build configuration list for PBXProject "SDKit" */;
			compatibilityVersion = "Xcode 3.2";
			developmentRegion = English;
			hasScannedForEncodings = 0;
			knownRegions = (
				en,
			);
			mainGroup = 114F4E4614D6DF34004FDAF3;
			productRefGroup = 114F4E5214D6DF34004FDAF3 /* Products */;
			projectDirPath = "";
			projectRoot = "";
			targets = (
				114F4E5014D6DF34004FDAF3 /* SDKit */,
			);
		};
/* End PBXProject section */

/* Begin PBXSourcesBuildPhase section */
		114F4E4D14D6DF34004FDAF3 /* Sources */ = {
			isa = PBXSourcesBuildPhase;
			buildActionMask = 2147483647;
			files = (
				114F4E7914D6DF61004FDAF3 /* SDControl.m in Sources */,
				114F4E7B14D6DF61004FDAF3 /* SDEvent.m in Sources */,
				114F4E7D14D6DF61004FDAF3 /* SDHelper.m in Sources */,
				114F4E7F14D6DF61004FDAF3 /* SDImageView.m in Sources */,
				114F4E8214D6DF61004FDAF3 /* SDLabel.m in Sources */,
				114F4E8414D6DF61004FDAF3 /* SDPlaceholder.m in Sources */,
				114F4E8614D6DF61004FDAF3 /* SDSentence.m in Sources */,
				114F4E8814D6DF61004FDAF3 /* SDTableViewCell.m in Sources */,
				1156E59F14DAF673006B1A8E /* BBAttribute.m in Sources */,
				1156E5A114DAF673006B1A8E /* BBCodeParser.m in Sources */,
				1156E5A414DAF673006B1A8E /* BBElement.m in Sources */,
				1156E5A614DAF673006B1A8E /* BBParsingElement.m in Sources */,
				1175796914DB0B4400ED4BA0 /* SDSentenceBuilder.m in Sources */,
				1172205F14DBFF83008F5B42 /* SDSentenceLayout.m in Sources */,
				1181E58314DDE7E6001FF7DE /* SDButton.m in Sources */,
				1194D6CF14E9696A00CF32B7 /* SDView.m in Sources */,
			);
			runOnlyForDeploymentPostprocessing = 0;
		};
/* End PBXSourcesBuildPhase section */

/* Begin XCBuildConfiguration section */
		114F4E5C14D6DF34004FDAF3 /* Debug */ = {
			isa = XCBuildConfiguration;
			buildSettings = {
				ALWAYS_SEARCH_USER_PATHS = NO;
				ARCHS = "$(ARCHS_STANDARD_32_BIT)";
				COPY_PHASE_STRIP = NO;
				GCC_C_LANGUAGE_STANDARD = gnu99;
				GCC_DYNAMIC_NO_PIC = NO;
				GCC_OPTIMIZATION_LEVEL = 0;
				GCC_PREPROCESSOR_DEFINITIONS = (
					"DEBUG=1",
					"$(inherited)",
				);
				GCC_SYMBOLS_PRIVATE_EXTERN = NO;
				GCC_VERSION = com.apple.compilers.llvm.clang.1_0;
				GCC_WARN_ABOUT_MISSING_PROTOTYPES = YES;
				GCC_WARN_ABOUT_RETURN_TYPE = YES;
				GCC_WARN_UNUSED_VARIABLE = YES;
				IPHONEOS_DEPLOYMENT_TARGET = 5.0;
				SDKROOT = iphoneos;
			};
			name = Debug;
		};
		114F4E5D14D6DF34004FDAF3 /* Release */ = {
			isa = XCBuildConfiguration;
			buildSettings = {
				ALWAYS_SEARCH_USER_PATHS = NO;
				ARCHS = "$(ARCHS_STANDARD_32_BIT)";
				COPY_PHASE_STRIP = YES;
				GCC_C_LANGUAGE_STANDARD = gnu99;
				GCC_VERSION = com.apple.compilers.llvm.clang.1_0;
				GCC_WARN_ABOUT_MISSING_PROTOTYPES = YES;
				GCC_WARN_ABOUT_RETURN_TYPE = YES;
				GCC_WARN_UNUSED_VARIABLE = YES;
				IPHONEOS_DEPLOYMENT_TARGET = 5.0;
				SDKROOT = iphoneos;
				VALIDATE_PRODUCT = YES;
			};
			name = Release;
		};
		114F4E5F14D6DF34004FDAF3 /* Debug */ = {
			isa = XCBuildConfiguration;
			buildSettings = {
				DSTROOT = /tmp/SDKit.dst;
				GCC_PRECOMPILE_PREFIX_HEADER = YES;
				GCC_PREFIX_HEADER = "SDKit/Supporting Files/SDKit-Prefix.pch";
				INSTALL_PATH = "$(BUILT_PRODUCTS_DIR)";
				OTHER_LDFLAGS = "-ObjC";
				PRODUCT_NAME = "$(TARGET_NAME)";
				SKIP_INSTALL = YES;
				USER_HEADER_SEARCH_PATHS = "$(BUILT_PRODUCTS_DIR)/**";
			};
			name = Debug;
		};
		114F4E6014D6DF34004FDAF3 /* Release */ = {
			isa = XCBuildConfiguration;
			buildSettings = {
				DSTROOT = /tmp/SDKit.dst;
				GCC_PRECOMPILE_PREFIX_HEADER = YES;
				GCC_PREFIX_HEADER = "SDKit/Supporting Files/SDKit-Prefix.pch";
				INSTALL_PATH = "$(BUILT_PRODUCTS_DIR)";
				OTHER_LDFLAGS = "-ObjC";
				PRODUCT_NAME = "$(TARGET_NAME)";
				SKIP_INSTALL = YES;
				USER_HEADER_SEARCH_PATHS = "$(BUILT_PRODUCTS_DIR)/**";
			};
			name = Release;
		};
/* End XCBuildConfiguration section */

/* Begin XCConfigurationList section */
		114F4E4B14D6DF34004FDAF3 /* Build configuration list for PBXProject "SDKit" */ = {
			isa = XCConfigurationList;
			buildConfigurations = (
				114F4E5C14D6DF34004FDAF3 /* Debug */,
				114F4E5D14D6DF34004FDAF3 /* Release */,
			);
			defaultConfigurationIsVisible = 0;
			defaultConfigurationName = Release;
		};
		114F4E5E14D6DF34004FDAF3 /* Build configuration list for PBXNativeTarget "SDKit" */ = {
			isa = XCConfigurationList;
			buildConfigurations = (
				114F4E5F14D6DF34004FDAF3 /* Debug */,
				114F4E6014D6DF34004FDAF3 /* Release */,
			);
			defaultConfigurationIsVisible = 0;
			defaultConfigurationName = Release;
		};
/* End XCConfigurationList section */
	};
	rootObject = 114F4E4814D6DF34004FDAF3 /* Project object */;
}
